
Microsoft Visual Studio Solution File, Format Version 12.00
# Visual Studio Version 17
VisualStudioVersion = 17.14.36212.18 d17.14
MinimumVisualStudioVersion = 10.0.40219.1
Project("{FAE04EC0-301F-11D3-BF4B-00C04F79EFBC}") = "MotorMonitoring.Service", "MotorMonitoring.Server\MotorMonitoring.Service.csproj", "{718058D7-FD7D-4B44-8516-65FBFE646D0D}"
EndProject
Project("{FAE04EC0-301F-11D3-BF4B-00C04F79EFBC}") = "MotorMonitoring.Contracts", "MotorMonitoring.Contracts\MotorMonitoring.Contracts.csproj", "{406819AF-5C6C-45DC-B005-FB8DC24A6900}"
EndProject
Project("{FAE04EC0-301F-11D3-BF4B-00C04F79EFBC}") = "MotorMonitoring.Client", "MotorMonitoring.Client\MotorMonitoring.Client.csproj", "{24AC446F-65E3-4E2E-8EB2-37D6DDBEBBEC}"
EndProject
Global
	GlobalSection(SolutionConfigurationPlatforms) = preSolution
		Debug|Any CPU = Debug|Any CPU
		Release|Any CPU = Release|Any CPU
	EndGlobalSection
	GlobalSection(ProjectConfigurationPlatforms) = postSolution
		{718058D7-FD7D-4B44-8516-65FBFE646D0D}.Debug|Any CPU.ActiveCfg = Debug|Any CPU
		{718058D7-FD7D-4B44-8516-65FBFE646D0D}.Debug|Any CPU.Build.0 = Debug|Any CPU
		{718058D7-FD7D-4B44-8516-65FBFE646D0D}.Release|Any CPU.ActiveCfg = Release|Any CPU
		{718058D7-FD7D-4B44-8516-65FBFE646D0D}.Release|Any CPU.Build.0 = Release|Any CPU
		{406819AF-5C6C-45DC-B005-FB8DC24A6900}.Debug|Any CPU.ActiveCfg = Debug|Any CPU
		{406819AF-5C6C-45DC-B005-FB8DC24A6900}.Debug|Any CPU.Build.0 = Debug|Any CPU
		{406819AF-5C6C-45DC-B005-FB8DC24A6900}.Release|Any CPU.ActiveCfg = Release|Any CPU
		{406819AF-5C6C-45DC-B005-FB8DC24A6900}.Release|Any CPU.Build.0 = Release|Any CPU
		{24AC446F-65E3-4E2E-8EB2-37D6DDBEBBEC}.Debug|Any CPU.ActiveCfg = Debug|Any CPU
		{24AC446F-65E3-4E2E-8EB2-37D6DDBEBBEC}.Debug|Any CPU.Build.0 = Debug|Any CPU
		{24AC446F-65E3-4E2E-8EB2-37D6DDBEBBEC}.Release|Any CPU.ActiveCfg = Release|Any CPU
		{24AC446F-65E3-4E2E-8EB2-37D6DDBEBBEC}.Release|Any CPU.Build.0 = Release|Any CPU
	EndGlobalSection
	GlobalSection(SolutionProperties) = preSolution
		HideSolutionNode = FALSE
	EndGlobalSection
	GlobalSection(ExtensibilityGlobals) = postSolution
		SolutionGuid = {4F5A3011-685C-46D3-BC25-CBE1B448E5F4}
	EndGlobalSection
EndGlobal
